// !$*UTF8*$!
{
	archiveVersion = 1;
	classes = {
	};
	objectVersion = 46;
	objects = {

/* Begin PBXBuildFile section */
		33D3D8F77A15B9E1DE409528 /* Pods_StickyHeader.framework in Frameworks */ = {isa = PBXBuildFile; fileRef = F7D500DB0F3FF9092C3BB395 /* Pods_StickyHeader.framework */; };
		57A514FC1D8C4E79001538BB /* AppDelegate.swift in Sources */ = {isa = PBXBuildFile; fileRef = 57A514FB1D8C4E79001538BB /* AppDelegate.swift */; };
		57A514FE1D8C4E79001538BB /* UserController.swift in Sources */ = {isa = PBXBuildFile; fileRef = 57A514FD1D8C4E79001538BB /* UserController.swift */; };
		57A515011D8C4E79001538BB /* Main.storyboard in Resources */ = {isa = PBXBuildFile; fileRef = 57A514FF1D8C4E79001538BB /* Main.storyboard */; };
		57A515031D8C4E79001538BB /* Assets.xcassets in Resources */ = {isa = PBXBuildFile; fileRef = 57A515021D8C4E79001538BB /* Assets.xcassets */; };
		57A515061D8C4E79001538BB /* LaunchScreen.storyboard in Resources */ = {isa = PBXBuildFile; fileRef = 57A515041D8C4E79001538BB /* LaunchScreen.storyboard */; };
		57A5150E1D8C4EFE001538BB /* CustomHeaderView.swift in Sources */ = {isa = PBXBuildFile; fileRef = 57A5150D1D8C4EFE001538BB /* CustomHeaderView.swift */; };
		E91AEA1320A8AB870087D417 /* NotesController.swift in Sources */ = {isa = PBXBuildFile; fileRef = E91AEA1220A8AB870087D417 /* NotesController.swift */; };
		E9686C2120A5A79300DF583B /* LoginView.swift in Sources */ = {isa = PBXBuildFile; fileRef = E9686C2020A5A79300DF583B /* LoginView.swift */; };
		E9686C2320A5A7D600DF583B /* LoginController.swift in Sources */ = {isa = PBXBuildFile; fileRef = E9686C2220A5A7D600DF583B /* LoginController.swift */; };
		E9686C2520A5A9D700DF583B /* UIView+Extension.swift in Sources */ = {isa = PBXBuildFile; fileRef = E9686C2420A5A9D700DF583B /* UIView+Extension.swift */; };
		E9686C2720A5AA4200DF583B /* UITabBarController+Extension.swift in Sources */ = {isa = PBXBuildFile; fileRef = E9686C2620A5AA4200DF583B /* UITabBarController+Extension.swift */; };
		E9686C2920A5AA9700DF583B /* UIImage+Extension.swift in Sources */ = {isa = PBXBuildFile; fileRef = E9686C2820A5AA9700DF583B /* UIImage+Extension.swift */; };
		E9686C2C20A5CB9500DF583B /* SegmentedControlView.swift in Sources */ = {isa = PBXBuildFile; fileRef = E9686C2B20A5CB9500DF583B /* SegmentedControlView.swift */; };
		E9686C3020A5F08900DF583B /* About.swift in Sources */ = {isa = PBXBuildFile; fileRef = E9686C2F20A5F08900DF583B /* About.swift */; };
		E96F16AD20A815DD00BA24EB /* GMapsController.swift in Sources */ = {isa = PBXBuildFile; fileRef = E96F16AC20A815DD00BA24EB /* GMapsController.swift */; };
		E9A4911B20A9C2D700ECDE0E /* TapleController.swift in Sources */ = {isa = PBXBuildFile; fileRef = E9A4911A20A9C2D700ECDE0E /* TapleController.swift */; };
		E9CB193120B2D20B004327C2 /* User.swift in Sources */ = {isa = PBXBuildFile; fileRef = E9CB193020B2D20B004327C2 /* User.swift */; };
		E9CB193320B3342D004327C2 /* StatusBar+Extension.swift in Sources */ = {isa = PBXBuildFile; fileRef = E9CB193220B3342D004327C2 /* StatusBar+Extension.swift */; };
		E9DABC6E20A35BBE0063F095 /* DropDownBtProtocol.swift in Sources */ = {isa = PBXBuildFile; fileRef = E9DABC6B20A35BBD0063F095 /* DropDownBtProtocol.swift */; };
		E9DABC6F20A35BBE0063F095 /* DrDwnBtnContentView.swift in Sources */ = {isa = PBXBuildFile; fileRef = E9DABC6C20A35BBD0063F095 /* DrDwnBtnContentView.swift */; };
		E9DABC7020A35BBE0063F095 /* DropDownBtn.swift in Sources */ = {isa = PBXBuildFile; fileRef = E9DABC6D20A35BBE0063F095 /* DropDownBtn.swift */; };
		E9DABC7620A35BEC0063F095 /* MainTabBarController.swift in Sources */ = {isa = PBXBuildFile; fileRef = E9DABC7520A35BEB0063F095 /* MainTabBarController.swift */; };
		E9DABC7820A35C040063F095 /* ProductCell.swift in Sources */ = {isa = PBXBuildFile; fileRef = E9DABC7720A35C040063F095 /* ProductCell.swift */; };
		E9DABC7A20A35C0B0063F095 /* Product.swift in Sources */ = {isa = PBXBuildFile; fileRef = E9DABC7920A35C0B0063F095 /* Product.swift */; };
/* End PBXBuildFile section */

/* Begin PBXFileReference section */
		57A514F81D8C4E78001538BB /* StickyHeader.app */ = {isa = PBXFileReference; explicitFileType = wrapper.application; includeInIndex = 0; path = StickyHeader.app; sourceTree = BUILT_PRODUCTS_DIR; };
		57A514FB1D8C4E79001538BB /* AppDelegate.swift */ = {isa = PBXFileReference; lastKnownFileType = sourcecode.swift; path = AppDelegate.swift; sourceTree = "<group>"; };
		57A514FD1D8C4E79001538BB /* UserController.swift */ = {isa = PBXFileReference; lastKnownFileType = sourcecode.swift; path = UserController.swift; sourceTree = "<group>"; };
		57A515001D8C4E79001538BB /* Base */ = {isa = PBXFileReference; lastKnownFileType = file.storyboard; name = Base; path = Base.lproj/Main.storyboard; sourceTree = "<group>"; };
		57A515021D8C4E79001538BB /* Assets.xcassets */ = {isa = PBXFileReference; lastKnownFileType = folder.assetcatalog; path = Assets.xcassets; sourceTree = "<group>"; };
		57A515051D8C4E79001538BB /* Base */ = {isa = PBXFileReference; lastKnownFileType = file.storyboard; name = Base; path = Base.lproj/LaunchScreen.storyboard; sourceTree = "<group>"; };
		57A515071D8C4E79001538BB /* Info.plist */ = {isa = PBXFileReference; lastKnownFileType = text.plist.xml; path = Info.plist; sourceTree = "<group>"; };
		57A5150D1D8C4EFE001538BB /* CustomHeaderView.swift */ = {isa = PBXFileReference; fileEncoding = 4; lastKnownFileType = sourcecode.swift; path = CustomHeaderView.swift; sourceTree = "<group>"; };
		7305CA1243D8FAB1ADC1F8BF /* Pods-StickyHeader.debug.xcconfig */ = {isa = PBXFileReference; includeInIndex = 1; lastKnownFileType = text.xcconfig; name = "Pods-StickyHeader.debug.xcconfig"; path = "Pods/Target Support Files/Pods-StickyHeader/Pods-StickyHeader.debug.xcconfig"; sourceTree = "<group>"; };
		E91AEA1220A8AB870087D417 /* NotesController.swift */ = {isa = PBXFileReference; lastKnownFileType = sourcecode.swift; path = NotesController.swift; sourceTree = "<group>"; };
		E9686C2020A5A79300DF583B /* LoginView.swift */ = {isa = PBXFileReference; lastKnownFileType = sourcecode.swift; path = LoginView.swift; sourceTree = "<group>"; };
		E9686C2220A5A7D600DF583B /* LoginController.swift */ = {isa = PBXFileReference; lastKnownFileType = sourcecode.swift; path = LoginController.swift; sourceTree = "<group>"; };
		E9686C2420A5A9D700DF583B /* UIView+Extension.swift */ = {isa = PBXFileReference; lastKnownFileType = sourcecode.swift; path = "UIView+Extension.swift"; sourceTree = "<group>"; };
		E9686C2620A5AA4200DF583B /* UITabBarController+Extension.swift */ = {isa = PBXFileReference; lastKnownFileType = sourcecode.swift; path = "UITabBarController+Extension.swift"; sourceTree = "<group>"; };
		E9686C2820A5AA9700DF583B /* UIImage+Extension.swift */ = {isa = PBXFileReference; lastKnownFileType = sourcecode.swift; path = "UIImage+Extension.swift"; sourceTree = "<group>"; };
		E9686C2B20A5CB9500DF583B /* SegmentedControlView.swift */ = {isa = PBXFileReference; lastKnownFileType = sourcecode.swift; path = SegmentedControlView.swift; sourceTree = "<group>"; };
		E9686C2F20A5F08900DF583B /* About.swift */ = {isa = PBXFileReference; lastKnownFileType = sourcecode.swift; path = About.swift; sourceTree = "<group>"; };
		E96F16AC20A815DD00BA24EB /* GMapsController.swift */ = {isa = PBXFileReference; lastKnownFileType = sourcecode.swift; path = GMapsController.swift; sourceTree = "<group>"; };
		E9A4911A20A9C2D700ECDE0E /* TapleController.swift */ = {isa = PBXFileReference; lastKnownFileType = sourcecode.swift; path = TapleController.swift; sourceTree = "<group>"; };
		E9CB193020B2D20B004327C2 /* User.swift */ = {isa = PBXFileReference; lastKnownFileType = sourcecode.swift; path = User.swift; sourceTree = "<group>"; };
		E9CB193220B3342D004327C2 /* StatusBar+Extension.swift */ = {isa = PBXFileReference; lastKnownFileType = sourcecode.swift; path = "StatusBar+Extension.swift"; sourceTree = "<group>"; };
		E9DABC6B20A35BBD0063F095 /* DropDownBtProtocol.swift */ = {isa = PBXFileReference; fileEncoding = 4; lastKnownFileType = sourcecode.swift; path = DropDownBtProtocol.swift; sourceTree = "<group>"; };
		E9DABC6C20A35BBD0063F095 /* DrDwnBtnContentView.swift */ = {isa = PBXFileReference; fileEncoding = 4; lastKnownFileType = sourcecode.swift; path = DrDwnBtnContentView.swift; sourceTree = "<group>"; };
		E9DABC6D20A35BBE0063F095 /* DropDownBtn.swift */ = {isa = PBXFileReference; fileEncoding = 4; lastKnownFileType = sourcecode.swift; path = DropDownBtn.swift; sourceTree = "<group>"; };
		E9DABC7520A35BEB0063F095 /* MainTabBarController.swift */ = {isa = PBXFileReference; fileEncoding = 4; lastKnownFileType = sourcecode.swift; path = MainTabBarController.swift; sourceTree = "<group>"; };
		E9DABC7720A35C040063F095 /* ProductCell.swift */ = {isa = PBXFileReference; fileEncoding = 4; lastKnownFileType = sourcecode.swift; path = ProductCell.swift; sourceTree = "<group>"; };
		E9DABC7920A35C0B0063F095 /* Product.swift */ = {isa = PBXFileReference; fileEncoding = 4; lastKnownFileType = sourcecode.swift; path = Product.swift; sourceTree = "<group>"; };
		F7D500DB0F3FF9092C3BB395 /* Pods_StickyHeader.framework */ = {isa = PBXFileReference; explicitFileType = wrapper.framework; includeInIndex = 0; path = Pods_StickyHeader.framework; sourceTree = BUILT_PRODUCTS_DIR; };
		F8E1D333EF888B6A78889298 /* Pods-StickyHeader.release.xcconfig */ = {isa = PBXFileReference; includeInIndex = 1; lastKnownFileType = text.xcconfig; name = "Pods-StickyHeader.release.xcconfig"; path = "Pods/Target Support Files/Pods-StickyHeader/Pods-StickyHeader.release.xcconfig"; sourceTree = "<group>"; };
/* End PBXFileReference section */

/* Begin PBXFrameworksBuildPhase section */
		57A514F51D8C4E78001538BB /* Frameworks */ = {
			isa = PBXFrameworksBuildPhase;
			buildActionMask = 2147483647;
			files = (
				33D3D8F77A15B9E1DE409528 /* Pods_StickyHeader.framework in Frameworks */,
			);
			runOnlyForDeploymentPostprocessing = 0;
		};
/* End PBXFrameworksBuildPhase section */

/* Begin PBXGroup section */
		1BB7821CB19400455492E125 /* Frameworks */ = {
			isa = PBXGroup;
			children = (
				F7D500DB0F3FF9092C3BB395 /* Pods_StickyHeader.framework */,
			);
			name = Frameworks;
			sourceTree = "<group>";
		};
		57A514EF1D8C4E78001538BB = {
			isa = PBXGroup;
			children = (
				E9B3751920A369CB00E362CB /* Model */,
				57A514FA1D8C4E79001538BB /* StickyHeader */,
				57A514F91D8C4E78001538BB /* Products */,
				CD727E1AD74A3A4D73FEBED3 /* Pods */,
				1BB7821CB19400455492E125 /* Frameworks */,
			);
			sourceTree = "<group>";
		};
		57A514F91D8C4E78001538BB /* Products */ = {
			isa = PBXGroup;
			children = (
				57A514F81D8C4E78001538BB /* StickyHeader.app */,
			);
			name = Products;
			sourceTree = "<group>";
		};
		57A514FA1D8C4E79001538BB /* StickyHeader */ = {
			isa = PBXGroup;
			children = (
				E9B3751A20A36A0000E362CB /* Helpers */,
				E9B3751820A3696900E362CB /* Controller */,
				E9B3751720A3695A00E362CB /* View */,
				57A514FB1D8C4E79001538BB /* AppDelegate.swift */,
				57A514FF1D8C4E79001538BB /* Main.storyboard */,
				57A515021D8C4E79001538BB /* Assets.xcassets */,
				57A515041D8C4E79001538BB /* LaunchScreen.storyboard */,
				57A515071D8C4E79001538BB /* Info.plist */,
			);
			path = StickyHeader;
			sourceTree = "<group>";
		};
		CD727E1AD74A3A4D73FEBED3 /* Pods */ = {
			isa = PBXGroup;
			children = (
				7305CA1243D8FAB1ADC1F8BF /* Pods-StickyHeader.debug.xcconfig */,
				F8E1D333EF888B6A78889298 /* Pods-StickyHeader.release.xcconfig */,
			);
			name = Pods;
			sourceTree = "<group>";
		};
		E9686C2A20A5AAE500DF583B /* Extension */ = {
			isa = PBXGroup;
			children = (
				E9686C2820A5AA9700DF583B /* UIImage+Extension.swift */,
				E9686C2620A5AA4200DF583B /* UITabBarController+Extension.swift */,
				E9686C2420A5A9D700DF583B /* UIView+Extension.swift */,
				E9CB193220B3342D004327C2 /* StatusBar+Extension.swift */,
			);
			path = Extension;
			sourceTree = "<group>";
		};
		E9A5256C20A448800068CF4F /* Protocol */ = {
			isa = PBXGroup;
			children = (
				E9DABC6B20A35BBD0063F095 /* DropDownBtProtocol.swift */,
			);
			path = Protocol;
			sourceTree = "<group>";
		};
		E9B3751620A368CD00E362CB /* DropDownBtView */ = {
			isa = PBXGroup;
			children = (
				E9DABC6D20A35BBE0063F095 /* DropDownBtn.swift */,
				E9DABC6C20A35BBD0063F095 /* DrDwnBtnContentView.swift */,
			);
			path = DropDownBtView;
			sourceTree = "<group>";
		};
		E9B3751720A3695A00E362CB /* View */ = {
			isa = PBXGroup;
			children = (
				E9DABC7720A35C040063F095 /* ProductCell.swift */,
				57A5150D1D8C4EFE001538BB /* CustomHeaderView.swift */,
				E9B3751620A368CD00E362CB /* DropDownBtView */,
				E9686C2020A5A79300DF583B /* LoginView.swift */,
				E9686C2B20A5CB9500DF583B /* SegmentedControlView.swift */,
			);
			path = View;
			sourceTree = "<group>";
		};
		E9B3751820A3696900E362CB /* Controller */ = {
			isa = PBXGroup;
			children = (
				E9A5256C20A448800068CF4F /* Protocol */,
				E9A4911A20A9C2D700ECDE0E /* TapleController.swift */,
				E9DABC7520A35BEB0063F095 /* MainTabBarController.swift */,
				57A514FD1D8C4E79001538BB /* UserController.swift */,
				E9686C2220A5A7D600DF583B /* LoginController.swift */,
				E96F16AC20A815DD00BA24EB /* GMapsController.swift */,
				E91AEA1220A8AB870087D417 /* NotesController.swift */,
			);
			path = Controller;
			sourceTree = "<group>";
		};
		E9B3751920A369CB00E362CB /* Model */ = {
			isa = PBXGroup;
			children = (
				E9DABC7920A35C0B0063F095 /* Product.swift */,
				E9686C2F20A5F08900DF583B /* About.swift */,
				E9CB193020B2D20B004327C2 /* User.swift */,
			);
			path = Model;
			sourceTree = "<group>";
		};
		E9B3751A20A36A0000E362CB /* Helpers */ = {
			isa = PBXGroup;
			children = (
				E9686C2A20A5AAE500DF583B /* Extension */,
			);
			path = Helpers;
			sourceTree = "<group>";
		};
/* End PBXGroup section */

/* Begin PBXNativeTarget section */
		57A514F71D8C4E78001538BB /* StickyHeader */ = {
			isa = PBXNativeTarget;
			buildConfigurationList = 57A5150A1D8C4E79001538BB /* Build configuration list for PBXNativeTarget "StickyHeader" */;
			buildPhases = (
				C42828EAC62169A9644DC8F6 /* [CP] Check Pods Manifest.lock */,
				57A514F41D8C4E78001538BB /* Sources */,
				57A514F51D8C4E78001538BB /* Frameworks */,
				57A514F61D8C4E78001538BB /* Resources */,
				55C8F726ED18414468CF7D92 /* [CP] Embed Pods Frameworks */,
				5A327EFE0CD9E3B09D36F4B4 /* [CP] Copy Pods Resources */,
			);
			buildRules = (
			);
			dependencies = (
			);
			name = StickyHeader;
			productName = StickyHeader;
			productReference = 57A514F81D8C4E78001538BB /* StickyHeader.app */;
			productType = "com.apple.product-type.application";
		};
/* End PBXNativeTarget section */

/* Begin PBXProject section */
		57A514F01D8C4E78001538BB /* Project object */ = {
			isa = PBXProject;
			attributes = {
				LastSwiftUpdateCheck = 0730;
				LastUpgradeCheck = 0730;
				ORGANIZATIONNAME = io.repped;
				TargetAttributes = {
					57A514F71D8C4E78001538BB = {
						CreatedOnToolsVersion = 7.3.1;
						LastSwiftMigration = 0940;
					};
				};
			};
			buildConfigurationList = 57A514F31D8C4E78001538BB /* Build configuration list for PBXProject "StickyHeader" */;
			compatibilityVersion = "Xcode 3.2";
			developmentRegion = English;
			hasScannedForEncodings = 0;
			knownRegions = (
				en,
				Base,
			);
			mainGroup = 57A514EF1D8C4E78001538BB;
			productRefGroup = 57A514F91D8C4E78001538BB /* Products */;
			projectDirPath = "";
			projectRoot = "";
			targets = (
				57A514F71D8C4E78001538BB /* StickyHeader */,
			);
		};
/* End PBXProject section */

/* Begin PBXResourcesBuildPhase section */
		57A514F61D8C4E78001538BB /* Resources */ = {
			isa = PBXResourcesBuildPhase;
			buildActionMask = 2147483647;
			files = (
				57A515061D8C4E79001538BB /* LaunchScreen.storyboard in Resources */,
				57A515031D8C4E79001538BB /* Assets.xcassets in Resources */,
				57A515011D8C4E79001538BB /* Main.storyboard in Resources */,
			);
			runOnlyForDeploymentPostprocessing = 0;
		};
/* End PBXResourcesBuildPhase section */

/* Begin PBXShellScriptBuildPhase section */
		55C8F726ED18414468CF7D92 /* [CP] Embed Pods Frameworks */ = {
			isa = PBXShellScriptBuildPhase;
			buildActionMask = 2147483647;
			files = (
			);
			inputPaths = (
				"${SRCROOT}/Pods/Target Support Files/Pods-StickyHeader/Pods-StickyHeader-frameworks.sh",
				"${BUILT_PRODUCTS_DIR}/Alamofire/Alamofire.framework",
				"${BUILT_PRODUCTS_DIR}/AlamofireImage/AlamofireImage.framework",
				"${BUILT_PRODUCTS_DIR}/SwiftyJSON/SwiftyJSON.framework",
			);
			name = "[CP] Embed Pods Frameworks";
			outputPaths = (
				"${TARGET_BUILD_DIR}/${FRAMEWORKS_FOLDER_PATH}/Alamofire.framework",
				"${TARGET_BUILD_DIR}/${FRAMEWORKS_FOLDER_PATH}/AlamofireImage.framework",
				"${TARGET_BUILD_DIR}/${FRAMEWORKS_FOLDER_PATH}/SwiftyJSON.framework",
			);
			runOnlyForDeploymentPostprocessing = 0;
			shellPath = /bin/sh;
			shellScript = "\"${SRCROOT}/Pods/Target Support Files/Pods-StickyHeader/Pods-StickyHeader-frameworks.sh\"\n";
			showEnvVarsInLog = 0;
		};
		5A327EFE0CD9E3B09D36F4B4 /* [CP] Copy Pods Resources */ = {
			isa = PBXShellScriptBuildPhase;
			buildActionMask = 2147483647;
			files = (
			);
			inputPaths = (
				"${SRCROOT}/Pods/Target Support Files/Pods-StickyHeader/Pods-StickyHeader-resources.sh",
				"${PODS_ROOT}/GoogleMaps/Maps/Frameworks/GoogleMaps.framework/Resources/GoogleMaps.bundle",
			);
			name = "[CP] Copy Pods Resources";
			outputPaths = (
				"${TARGET_BUILD_DIR}/${UNLOCALIZED_RESOURCES_FOLDER_PATH}/GoogleMaps.bundle",
			);
			runOnlyForDeploymentPostprocessing = 0;
			shellPath = /bin/sh;
			shellScript = "\"${SRCROOT}/Pods/Target Support Files/Pods-StickyHeader/Pods-StickyHeader-resources.sh\"\n";
			showEnvVarsInLog = 0;
		};
		C42828EAC62169A9644DC8F6 /* [CP] Check Pods Manifest.lock */ = {
			isa = PBXShellScriptBuildPhase;
			buildActionMask = 2147483647;
			files = (
			);
			inputPaths = (
				"${PODS_PODFILE_DIR_PATH}/Podfile.lock",
				"${PODS_ROOT}/Manifest.lock",
			);
			name = "[CP] Check Pods Manifest.lock";
			outputPaths = (
				"$(DERIVED_FILE_DIR)/Pods-StickyHeader-checkManifestLockResult.txt",
			);
			runOnlyForDeploymentPostprocessing = 0;
			shellPath = /bin/sh;
			shellScript = "diff \"${PODS_PODFILE_DIR_PATH}/Podfile.lock\" \"${PODS_ROOT}/Manifest.lock\" > /dev/null\nif [ $? != 0 ] ; then\n    # print error to STDERR\n    echo \"error: The sandbox is not in sync with the Podfile.lock. Run 'pod install' or update your CocoaPods installation.\" >&2\n    exit 1\nfi\n# This output is used by Xcode 'outputs' to avoid re-running this script phase.\necho \"SUCCESS\" > \"${SCRIPT_OUTPUT_FILE_0}\"\n";
			showEnvVarsInLog = 0;
		};
/* End PBXShellScriptBuildPhase section */

/* Begin PBXSourcesBuildPhase section */
		57A514F41D8C4E78001538BB /* Sources */ = {
			isa = PBXSourcesBuildPhase;
			buildActionMask = 2147483647;
			files = (
				E96F16AD20A815DD00BA24EB /* GMapsController.swift in Sources */,
				E9DABC7620A35BEC0063F095 /* MainTabBarController.swift in Sources */,
				E9686C2320A5A7D600DF583B /* LoginController.swift in Sources */,
				E9DABC7020A35BBE0063F095 /* DropDownBtn.swift in Sources */,
				E91AEA1320A8AB870087D417 /* NotesController.swift in Sources */,
				57A514FE1D8C4E79001538BB /* UserController.swift in Sources */,
				E9DABC7A20A35C0B0063F095 /* Product.swift in Sources */,
				E9686C3020A5F08900DF583B /* About.swift in Sources */,
				E9686C2120A5A79300DF583B /* LoginView.swift in Sources */,
				E9CB193320B3342D004327C2 /* StatusBar+Extension.swift in Sources */,
				E9686C2720A5AA4200DF583B /* UITabBarController+Extension.swift in Sources */,
				E9686C2520A5A9D700DF583B /* UIView+Extension.swift in Sources */,
				57A5150E1D8C4EFE001538BB /* CustomHeaderView.swift in Sources */,
				E9686C2920A5AA9700DF583B /* UIImage+Extension.swift in Sources */,
				E9DABC6F20A35BBE0063F095 /* DrDwnBtnContentView.swift in Sources */,
				E9A4911B20A9C2D700ECDE0E /* TapleController.swift in Sources */,
				E9DABC7820A35C040063F095 /* ProductCell.swift in Sources */,
				E9686C2C20A5CB9500DF583B /* SegmentedControlView.swift in Sources */,
				E9DABC6E20A35BBE0063F095 /* DropDownBtProtocol.swift in Sources */,
				57A514FC1D8C4E79001538BB /* AppDelegate.swift in Sources */,
				E9CB193120B2D20B004327C2 /* User.swift in Sources */,
			);
			runOnlyForDeploymentPostprocessing = 0;
		};
/* End PBXSourcesBuildPhase section */

/* Begin PBXVariantGroup section */
		57A514FF1D8C4E79001538BB /* Main.storyboard */ = {
			isa = PBXVariantGroup;
			children = (
				57A515001D8C4E79001538BB /* Base */,
			);
			name = Main.storyboard;
			sourceTree = "<group>";
		};
		57A515041D8C4E79001538BB /* LaunchScreen.storyboard */ = {
			isa = PBXVariantGroup;
			children = (
				57A515051D8C4E79001538BB /* Base */,
			);
			name = LaunchScreen.storyboard;
			sourceTree = "<group>";
		};
/* End PBXVariantGroup section */

/* Begin XCBuildConfiguration section */
		57A515081D8C4E79001538BB /* Debug */ = {
			isa = XCBuildConfiguration;
			buildSettings = {
				ALWAYS_SEARCH_USER_PATHS = NO;
				CLANG_ANALYZER_NONNULL = YES;
				CLANG_CXX_LANGUAGE_STANDARD = "gnu++0x";
				CLANG_CXX_LIBRARY = "libc++";
				CLANG_ENABLE_MODULES = YES;
				CLANG_ENABLE_OBJC_ARC = YES;
				CLANG_WARN_BOOL_CONVERSION = YES;
				CLANG_WARN_CONSTANT_CONVERSION = YES;
				CLANG_WARN_DIRECT_OBJC_ISA_USAGE = YES_ERROR;
				CLANG_WARN_EMPTY_BODY = YES;
				CLANG_WARN_ENUM_CONVERSION = YES;
				CLANG_WARN_INT_CONVERSION = YES;
				CLANG_WARN_OBJC_ROOT_CLASS = YES_ERROR;
				CLANG_WARN_UNREACHABLE_CODE = YES;
				CLANG_WARN__DUPLICATE_METHOD_MATCH = YES;
				"CODE_SIGN_IDENTITY[sdk=iphoneos*]" = "iPhone Developer";
				COPY_PHASE_STRIP = NO;
				DEBUG_INFORMATION_FORMAT = dwarf;
				ENABLE_STRICT_OBJC_MSGSEND = YES;
				ENABLE_TESTABILITY = YES;
				GCC_C_LANGUAGE_STANDARD = gnu99;
				GCC_DYNAMIC_NO_PIC = NO;
				GCC_NO_COMMON_BLOCKS = YES;
				GCC_OPTIMIZATION_LEVEL = 0;
				GCC_PREPROCESSOR_DEFINITIONS = (
					"DEBUG=1",
					"$(inherited)",
				);
				GCC_WARN_64_TO_32_BIT_CONVERSION = YES;
				GCC_WARN_ABOUT_RETURN_TYPE = YES_ERROR;
				GCC_WARN_UNDECLARED_SELECTOR = YES;
				GCC_WARN_UNINITIALIZED_AUTOS = YES_AGGRESSIVE;
				GCC_WARN_UNUSED_FUNCTION = YES;
				GCC_WARN_UNUSED_VARIABLE = YES;
				IPHONEOS_DEPLOYMENT_TARGET = 11.0;
				MTL_ENABLE_DEBUG_INFO = YES;
				ONLY_ACTIVE_ARCH = YES;
				SDKROOT = iphoneos;
				SWIFT_OPTIMIZATION_LEVEL = "-Onone";
			};
			name = Debug;
		};
		57A515091D8C4E79001538BB /* Release */ = {
			isa = XCBuildConfiguration;
			buildSettings = {
				ALWAYS_SEARCH_USER_PATHS = NO;
				CLANG_ANALYZER_NONNULL = YES;
				CLANG_CXX_LANGUAGE_STANDARD = "gnu++0x";
				CLANG_CXX_LIBRARY = "libc++";
				CLANG_ENABLE_MODULES = YES;
				CLANG_ENABLE_OBJC_ARC = YES;
				CLANG_WARN_BOOL_CONVERSION = YES;
				CLANG_WARN_CONSTANT_CONVERSION = YES;
				CLANG_WARN_DIRECT_OBJC_ISA_USAGE = YES_ERROR;
				CLANG_WARN_EMPTY_BODY = YES;
				CLANG_WARN_ENUM_CONVERSION = YES;
				CLANG_WARN_INT_CONVERSION = YES;
				CLANG_WARN_OBJC_ROOT_CLASS = YES_ERROR;
				CLANG_WARN_UNREACHABLE_CODE = YES;
				CLANG_WARN__DUPLICATE_METHOD_MATCH = YES;
				"CODE_SIGN_IDENTITY[sdk=iphoneos*]" = "iPhone Developer";
				COPY_PHASE_STRIP = NO;
				DEBUG_INFORMATION_FORMAT = "dwarf-with-dsym";
				ENABLE_NS_ASSERTIONS = NO;
				ENABLE_STRICT_OBJC_MSGSEND = YES;
				GCC_C_LANGUAGE_STANDARD = gnu99;
				GCC_NO_COMMON_BLOCKS = YES;
				GCC_WARN_64_TO_32_BIT_CONVERSION = YES;
				GCC_WARN_ABOUT_RETURN_TYPE = YES_ERROR;
				GCC_WARN_UNDECLARED_SELECTOR = YES;
				GCC_WARN_UNINITIALIZED_AUTOS = YES_AGGRESSIVE;
				GCC_WARN_UNUSED_FUNCTION = YES;
				GCC_WARN_UNUSED_VARIABLE = YES;
				IPHONEOS_DEPLOYMENT_TARGET = 11.0;
				MTL_ENABLE_DEBUG_INFO = NO;
				SDKROOT = iphoneos;
				VALIDATE_PRODUCT = YES;
			};
			name = Release;
		};
		57A5150B1D8C4E79001538BB /* Debug */ = {
			isa = XCBuildConfiguration;
			baseConfigurationReference = 7305CA1243D8FAB1ADC1F8BF /* Pods-StickyHeader.debug.xcconfig */;
			buildSettings = {
				ASSETCATALOG_COMPILER_APPICON_NAME = AppIcon;
				INFOPLIST_FILE = StickyHeader/Info.plist;
				LD_RUNPATH_SEARCH_PATHS = "$(inherited) @executable_path/Frameworks";
				PRODUCT_BUNDLE_IDENTIFIER = io.repped.StickyHeader;
				PRODUCT_NAME = "$(TARGET_NAME)";
				SWIFT_SWIFT3_OBJC_INFERENCE = On;
				SWIFT_VERSION = 4.0;
			};
			name = Debug;
		};
		57A5150C1D8C4E79001538BB /* Release */ = {
			isa = XCBuildConfiguration;
			baseConfigurationReference = F8E1D333EF888B6A78889298 /* Pods-StickyHeader.release.xcconfig */;
			buildSettings = {
				ASSETCATALOG_COMPILER_APPICON_NAME = AppIcon;
				INFOPLIST_FILE = StickyHeader/Info.plist;
				LD_RUNPATH_SEARCH_PATHS = "$(inherited) @executable_path/Frameworks";
				PRODUCT_BUNDLE_IDENTIFIER = io.repped.StickyHeader;
				PRODUCT_NAME = "$(TARGET_NAME)";
				SWIFT_SWIFT3_OBJC_INFERENCE = On;
				SWIFT_VERSION = 4.0;
			};
			name = Release;
		};
/* End XCBuildConfiguration section */

/* Begin XCConfigurationList section */
		57A514F31D8C4E78001538BB /* Build configuration list for PBXProject "StickyHeader" */ = {
			isa = XCConfigurationList;
			buildConfigurations = (
				57A515081D8C4E79001538BB /* Debug */,
				57A515091D8C4E79001538BB /* Release */,
			);
			defaultConfigurationIsVisible = 0;
			defaultConfigurationName = Release;
		};
		57A5150A1D8C4E79001538BB /* Build configuration list for PBXNativeTarget "StickyHeader" */ = {
			isa = XCConfigurationList;
			buildConfigurations = (
				57A5150B1D8C4E79001538BB /* Debug */,
				57A5150C1D8C4E79001538BB /* Release */,
			);
			defaultConfigurationIsVisible = 0;
			defaultConfigurationName = Release;
		};
/* End XCConfigurationList section */
	};
	rootObject = 57A514F01D8C4E78001538BB /* Project object */;
}
